
Microsoft Visual Studio Solution File, Format Version 12.00
# Visual Studio 15
VisualStudioVersion = 15.0.27703.2018
MinimumVisualStudioVersion = 10.0.40219.1
Project("{FAE04EC0-301F-11D3-BF4B-00C04F79EFBC}") = "HeartOfGold", "HeartOfGold\HeartOfGold.csproj", "{BCED0FAF-B343-42D9-9C58-2E3B71040B91}"
EndProject
Global
	GlobalSection(SolutionConfigurationPlatforms) = preSolution
		Debug|Any CPU = Debug|Any CPU
		Release|Any CPU = Release|Any CPU
	EndGlobalSection
	GlobalSection(ProjectConfigurationPlatforms) = postSolution
		{BCED0FAF-B343-42D9-9C58-2E3B71040B91}.Debug|Any CPU.ActiveCfg = Debug|Any CPU
		{BCED0FAF-B343-42D9-9C58-2E3B71040B91}.Debug|Any CPU.Build.0 = Debug|Any CPU
		{BCED0FAF-B343-42D9-9C58-2E3B71040B91}.Release|Any CPU.ActiveCfg = Release|Any CPU
		{BCED0FAF-B343-42D9-9C58-2E3B71040B91}.Release|Any CPU.Build.0 = Release|Any CPU
	EndGlobalSection
	GlobalSection(SolutionProperties) = preSolution
		HideSolutionNode = FALSE
	EndGlobalSection
	GlobalSection(ExtensibilityGlobals) = postSolution
		SolutionGuid = {B07AE257-5793-4998-8DB1-84765F32CAB5}
	EndGlobalSection
EndGlobal
